
Microsoft Visual Studio Solution File, Format Version 12.00
# Visual Studio Version 17
VisualStudioVersion = 17.4.33205.214
MinimumVisualStudioVersion = 10.0.40219.1
Project("{9A19103F-16F7-4668-BE54-9A1E7A4F7556}") = "AspNetServer.Tests", "AspNetServer.Tests\AspNetServer.Tests.csproj", "{06F615D4-2593-4958-BB70-9145ECB7BA2B}"
EndProject
Project("{9A19103F-16F7-4668-BE54-9A1E7A4F7556}") = "AspNetServer", "AspNetServer\AspNetServer.csproj", "{C007E02C-7ECC-40E6-839D-0A6C672A6C6B}"
EndProject
Global
	GlobalSection(SolutionConfigurationPlatforms) = preSolution
		Debug|Any CPU = Debug|Any CPU
		Release|Any CPU = Release|Any CPU
	EndGlobalSection
	GlobalSection(ProjectConfigurationPlatforms) = postSolution
		{06F615D4-2593-4958-BB70-9145ECB7BA2B}.Debug|Any CPU.ActiveCfg = Debug|Any CPU
		{06F615D4-2593-4958-BB70-9145ECB7BA2B}.Debug|Any CPU.Build.0 = Debug|Any CPU
		{06F615D4-2593-4958-BB70-9145ECB7BA2B}.Release|Any CPU.ActiveCfg = Release|Any CPU
		{06F615D4-2593-4958-BB70-9145ECB7BA2B}.Release|Any CPU.Build.0 = Release|Any CPU
		{C007E02C-7ECC-40E6-839D-0A6C672A6C6B}.Debug|Any CPU.ActiveCfg = Debug|Any CPU
		{C007E02C-7ECC-40E6-839D-0A6C672A6C6B}.Debug|Any CPU.Build.0 = Debug|Any CPU
		{C007E02C-7ECC-40E6-839D-0A6C672A6C6B}.Release|Any CPU.ActiveCfg = Release|Any CPU
		{C007E02C-7ECC-40E6-839D-0A6C672A6C6B}.Release|Any CPU.Build.0 = Release|Any CPU
	EndGlobalSection
	GlobalSection(SolutionProperties) = preSolution
		HideSolutionNode = FALSE
	EndGlobalSection
	GlobalSection(ExtensibilityGlobals) = postSolution
		SolutionGuid = {CED1F222-9815-461E-B85D-DA5FDBA4EE3B}
	EndGlobalSection
EndGlobal
