
Microsoft Visual Studio Solution File, Format Version 12.00
# Visual Studio Version 17
VisualStudioVersion = 17.4.33205.214
MinimumVisualStudioVersion = 10.0.40219.1
Project("{9A19103F-16F7-4668-BE54-9A1E7A4F7556}") = "NewsAPI", "NewsAPI\NewsAPI.csproj", "{53BA5FD4-1C54-45E6-AF69-F2B9ACEB225A}"
EndProject
Global
	GlobalSection(SolutionConfigurationPlatforms) = preSolution
		Debug|Any CPU = Debug|Any CPU
		Release|Any CPU = Release|Any CPU
	EndGlobalSection
	GlobalSection(ProjectConfigurationPlatforms) = postSolution
		{53BA5FD4-1C54-45E6-AF69-F2B9ACEB225A}.Debug|Any CPU.ActiveCfg = Debug|Any CPU
		{53BA5FD4-1C54-45E6-AF69-F2B9ACEB225A}.Debug|Any CPU.Build.0 = Debug|Any CPU
		{53BA5FD4-1C54-45E6-AF69-F2B9ACEB225A}.Release|Any CPU.ActiveCfg = Release|Any CPU
		{53BA5FD4-1C54-45E6-AF69-F2B9ACEB225A}.Release|Any CPU.Build.0 = Release|Any CPU
	EndGlobalSection
	GlobalSection(SolutionProperties) = preSolution
		HideSolutionNode = FALSE
	EndGlobalSection
	GlobalSection(ExtensibilityGlobals) = postSolution
		SolutionGuid = {CED1F222-9815-461E-B85D-DA5FDBA4EE3B}
	EndGlobalSection
EndGlobal
